
Microsoft Visual Studio Solution File, Format Version 12.00
# Visual Studio 15
VisualStudioVersion = 15.0.28307.852
MinimumVisualStudioVersion = 10.0.40219.1
Project("{FAE04EC0-301F-11D3-BF4B-00C04F79EFBC}") = "AcDoNetTools", "EnvironmentTest\AcDoNetTools.csproj", "{AFEC3061-E208-4F8C-BD07-134A8EBEFFF6}"
EndProject
Project("{FAE04EC0-301F-11D3-BF4B-00C04F79EFBC}") = "DemoCAD", "DemoCAD\DemoCAD.csproj", "{79913A29-AE00-4F31-A08A-AA672D787F8A}"
EndProject
Global
	GlobalSection(SolutionConfigurationPlatforms) = preSolution
		Debug|Any CPU = Debug|Any CPU
		Release|Any CPU = Release|Any CPU
	EndGlobalSection
	GlobalSection(ProjectConfigurationPlatforms) = postSolution
		{AFEC3061-E208-4F8C-BD07-134A8EBEFFF6}.Debug|Any CPU.ActiveCfg = Debug|Any CPU
		{AFEC3061-E208-4F8C-BD07-134A8EBEFFF6}.Debug|Any CPU.Build.0 = Debug|Any CPU
		{AFEC3061-E208-4F8C-BD07-134A8EBEFFF6}.Release|Any CPU.ActiveCfg = Release|Any CPU
		{AFEC3061-E208-4F8C-BD07-134A8EBEFFF6}.Release|Any CPU.Build.0 = Release|Any CPU
		{79913A29-AE00-4F31-A08A-AA672D787F8A}.Debug|Any CPU.ActiveCfg = Debug|Any CPU
		{79913A29-AE00-4F31-A08A-AA672D787F8A}.Debug|Any CPU.Build.0 = Debug|Any CPU
		{79913A29-AE00-4F31-A08A-AA672D787F8A}.Release|Any CPU.ActiveCfg = Release|Any CPU
		{79913A29-AE00-4F31-A08A-AA672D787F8A}.Release|Any CPU.Build.0 = Release|Any CPU
	EndGlobalSection
	GlobalSection(SolutionProperties) = preSolution
		HideSolutionNode = FALSE
	EndGlobalSection
	GlobalSection(ExtensibilityGlobals) = postSolution
		SolutionGuid = {F8429547-155F-4475-9F54-C55DAC10CD03}
	EndGlobalSection
EndGlobal
